
Microsoft Visual Studio Solution File, Format Version 12.00
# Visual Studio Version 17
VisualStudioVersion = 17.5.002.0
MinimumVisualStudioVersion = 10.0.40219.1
Project("{9A19103F-16F7-4668-BE54-9A1E7A4F7556}") = "warehouse-management-systems", "warehouse-management-systems.csproj", "{BDF91C7C-BA0F-4B80-B08D-70860C5C9A19}"
EndProject
Global
	GlobalSection(SolutionConfigurationPlatforms) = preSolution
		Debug|Any CPU = Debug|Any CPU
		Release|Any CPU = Release|Any CPU
	EndGlobalSection
	GlobalSection(ProjectConfigurationPlatforms) = postSolution
		{BDF91C7C-BA0F-4B80-B08D-70860C5C9A19}.Debug|Any CPU.ActiveCfg = Debug|Any CPU
		{BDF91C7C-BA0F-4B80-B08D-70860C5C9A19}.Debug|Any CPU.Build.0 = Debug|Any CPU
		{BDF91C7C-BA0F-4B80-B08D-70860C5C9A19}.Release|Any CPU.ActiveCfg = Release|Any CPU
		{BDF91C7C-BA0F-4B80-B08D-70860C5C9A19}.Release|Any CPU.Build.0 = Release|Any CPU
	EndGlobalSection
	GlobalSection(SolutionProperties) = preSolution
		HideSolutionNode = FALSE
	EndGlobalSection
	GlobalSection(ExtensibilityGlobals) = postSolution
		SolutionGuid = {8743496D-7B0F-47F4-8789-195FAEA56902}
	EndGlobalSection
EndGlobal
